
Microsoft Visual Studio Solution File, Format Version 12.00
# Visual Studio 15
VisualStudioVersion = 15.0.28010.2041
MinimumVisualStudioVersion = 10.0.40219.1
Project("{FAE04EC0-301F-11D3-BF4B-00C04F79EFBC}") = "Project", "Project.csproj", "{3A93E047-FDD5-4BF9-A94A-3F84F30C36DD}"
EndProject
Project("{FAE04EC0-301F-11D3-BF4B-00C04F79EFBC}") = "GUI", "GUI\GUI.csproj", "{59D0BD7A-5BF8-4032-9DD4-BEAD0C5B5F07}"
EndProject
Project("{FAE04EC0-301F-11D3-BF4B-00C04F79EFBC}") = "UnitTest_Hotel", "..\UnitTest_Hotel\UnitTest_Hotel.csproj", "{06EBFFA3-9350-4E64-80C0-6AA83E24487C}"
EndProject
Global
	GlobalSection(SolutionConfigurationPlatforms) = preSolution
		Debug|Any CPU = Debug|Any CPU
		Release|Any CPU = Release|Any CPU
	EndGlobalSection
	GlobalSection(ProjectConfigurationPlatforms) = postSolution
		{3A93E047-FDD5-4BF9-A94A-3F84F30C36DD}.Debug|Any CPU.ActiveCfg = Debug|Any CPU
		{3A93E047-FDD5-4BF9-A94A-3F84F30C36DD}.Debug|Any CPU.Build.0 = Debug|Any CPU
		{3A93E047-FDD5-4BF9-A94A-3F84F30C36DD}.Release|Any CPU.ActiveCfg = Release|Any CPU
		{3A93E047-FDD5-4BF9-A94A-3F84F30C36DD}.Release|Any CPU.Build.0 = Release|Any CPU
		{59D0BD7A-5BF8-4032-9DD4-BEAD0C5B5F07}.Debug|Any CPU.ActiveCfg = Debug|Any CPU
		{59D0BD7A-5BF8-4032-9DD4-BEAD0C5B5F07}.Debug|Any CPU.Build.0 = Debug|Any CPU
		{59D0BD7A-5BF8-4032-9DD4-BEAD0C5B5F07}.Release|Any CPU.ActiveCfg = Release|Any CPU
		{59D0BD7A-5BF8-4032-9DD4-BEAD0C5B5F07}.Release|Any CPU.Build.0 = Release|Any CPU
		{06EBFFA3-9350-4E64-80C0-6AA83E24487C}.Debug|Any CPU.ActiveCfg = Debug|Any CPU
		{06EBFFA3-9350-4E64-80C0-6AA83E24487C}.Debug|Any CPU.Build.0 = Debug|Any CPU
		{06EBFFA3-9350-4E64-80C0-6AA83E24487C}.Release|Any CPU.ActiveCfg = Release|Any CPU
		{06EBFFA3-9350-4E64-80C0-6AA83E24487C}.Release|Any CPU.Build.0 = Release|Any CPU
	EndGlobalSection
	GlobalSection(SolutionProperties) = preSolution
		HideSolutionNode = FALSE
	EndGlobalSection
	GlobalSection(ExtensibilityGlobals) = postSolution
		SolutionGuid = {11629BEC-E013-4B4D-9DE9-60012D4E251A}
	EndGlobalSection
EndGlobal
